Microsoft Visual Studio Solution File, Format Version 12.00
# Visual Studio Version 16
VisualStudioVersion = 16.0.30002.166
MinimumVisualStudioVersion = 10.0.40219.1
Project("{FAE04EC0-301F-11D3-BF4B-00C04F79EFBC}") = "SLFormsApp.Android", "SLFormsApp.Android\SLFormsApp.Android.csproj", "{0A26AEB2-2D1E-4B73-908F-7814B766D7F8}"
EndProject
Project("{FAE04EC0-301F-11D3-BF4B-00C04F79EFBC}") = "SLFormsApp.iOS", "SLFormsApp.iOS\SLFormsApp.iOS.csproj", "{DDBBBC7E-D3E7-4A4E-B373-6B43AEE10991}"
EndProject
Project("{9A19103F-16F7-4668-BE54-9A1E7A4F7556}") = "SLFormsApp", "SLFormsApp\SLFormsApp.csproj", "{96EF46C8-348E-4365-B781-F6DBE186B400}"
EndProject
Project("{9A19103F-16F7-4668-BE54-9A1E7A4F7556}") = "Softeq.XToolkit.WhiteLabel", "XToolkit.WhiteLabel\Softeq.XToolkit.WhiteLabel\Softeq.XToolkit.WhiteLabel.csproj", "{53F47F38-3346-4EEC-8531-0710E66E59B6}"
EndProject
Project("{9A19103F-16F7-4668-BE54-9A1E7A4F7556}") = "Softeq.XToolkit.Common", "XToolkit.WhiteLabel\Softeq.XToolkit.Common\Softeq.XToolkit.Common.csproj", "{533F6747-F6D0-4743-A074-7D04FF38041B}"
EndProject
Project("{9A19103F-16F7-4668-BE54-9A1E7A4F7556}") = "Softeq.XToolkit.Permissions", "XToolkit.WhiteLabel\Softeq.XToolkit.Permissions\Softeq.XToolkit.Permissions.csproj", "{224AA13A-CEEC-4AF1-A8D5-020B05F052B1}"
EndProject
Project("{FAE04EC0-301F-11D3-BF4B-00C04F79EFBC}") = "SLFormsApp.UWP", "SLFormsApp.UWP\SLFormsApp.UWP.csproj", "{D8E5BA55-3B79-4C8C-8C55-16C1455CEB62}"
EndProject
Global
	GlobalSection(SolutionConfigurationPlatforms) = preSolution
		Debug|Any CPU = Debug|Any CPU
		Debug|ARM = Debug|ARM
		Debug|ARM64 = Debug|ARM64
		Debug|iPhone = Debug|iPhone
		Debug|iPhoneSimulator = Debug|iPhoneSimulator
		Debug|x64 = Debug|x64
		Debug|x86 = Debug|x86
		Release|Any CPU = Release|Any CPU
		Release|ARM = Release|ARM
		Release|ARM64 = Release|ARM64
		Release|iPhone = Release|iPhone
		Release|iPhoneSimulator = Release|iPhoneSimulator
		Release|x64 = Release|x64
		Release|x86 = Release|x86
	EndGlobalSection
	GlobalSection(ProjectConfigurationPlatforms) = postSolution
		{0A26AEB2-2D1E-4B73-908F-7814B766D7F8}.Debug|Any CPU.ActiveCfg = Debug|Any CPU
		{0A26AEB2-2D1E-4B73-908F-7814B766D7F8}.Debug|Any CPU.Build.0 = Debug|Any CPU
		{0A26AEB2-2D1E-4B73-908F-7814B766D7F8}.Debug|ARM.ActiveCfg = Debug|Any CPU
		{0A26AEB2-2D1E-4B73-908F-7814B766D7F8}.Debug|ARM64.ActiveCfg = Debug|Any CPU
		{0A26AEB2-2D1E-4B73-908F-7814B766D7F8}.Debug|iPhone.ActiveCfg = Debug|Any CPU
		{0A26AEB2-2D1E-4B73-908F-7814B766D7F8}.Debug|iPhone.Build.0 = Debug|Any CPU
		{0A26AEB2-2D1E-4B73-908F-7814B766D7F8}.Debug|iPhoneSimulator.ActiveCfg = Debug|Any CPU
		{0A26AEB2-2D1E-4B73-908F-7814B766D7F8}.Debug|iPhoneSimulator.Build.0 = Debug|Any CPU
		{0A26AEB2-2D1E-4B73-908F-7814B766D7F8}.Debug|x64.ActiveCfg = Debug|Any CPU
		{0A26AEB2-2D1E-4B73-908F-7814B766D7F8}.Debug|x86.ActiveCfg = Debug|Any CPU
		{0A26AEB2-2D1E-4B73-908F-7814B766D7F8}.Release|Any CPU.ActiveCfg = Release|Any CPU
		{0A26AEB2-2D1E-4B73-908F-7814B766D7F8}.Release|Any CPU.Build.0 = Release|Any CPU
		{0A26AEB2-2D1E-4B73-908F-7814B766D7F8}.Release|ARM.ActiveCfg = Release|Any CPU
		{0A26AEB2-2D1E-4B73-908F-7814B766D7F8}.Release|ARM64.ActiveCfg = Release|Any CPU
		{0A26AEB2-2D1E-4B73-908F-7814B766D7F8}.Release|iPhone.ActiveCfg = Release|Any CPU
		{0A26AEB2-2D1E-4B73-908F-7814B766D7F8}.Release|iPhone.Build.0 = Release|Any CPU
		{0A26AEB2-2D1E-4B73-908F-7814B766D7F8}.Release|iPhoneSimulator.ActiveCfg = Release|Any CPU
		{0A26AEB2-2D1E-4B73-908F-7814B766D7F8}.Release|iPhoneSimulator.Build.0 = Release|Any CPU
		{0A26AEB2-2D1E-4B73-908F-7814B766D7F8}.Release|x64.ActiveCfg = Release|Any CPU
		{0A26AEB2-2D1E-4B73-908F-7814B766D7F8}.Release|x86.ActiveCfg = Release|Any CPU
		{DDBBBC7E-D3E7-4A4E-B373-6B43AEE10991}.Debug|Any CPU.ActiveCfg = Debug|iPhoneSimulator
		{DDBBBC7E-D3E7-4A4E-B373-6B43AEE10991}.Debug|Any CPU.Build.0 = Debug|iPhoneSimulator
		{DDBBBC7E-D3E7-4A4E-B373-6B43AEE10991}.Debug|ARM.ActiveCfg = Debug|iPhone
		{DDBBBC7E-D3E7-4A4E-B373-6B43AEE10991}.Debug|ARM64.ActiveCfg = Debug|iPhone
		{DDBBBC7E-D3E7-4A4E-B373-6B43AEE10991}.Debug|iPhone.ActiveCfg = Debug|iPhone
		{DDBBBC7E-D3E7-4A4E-B373-6B43AEE10991}.Debug|iPhone.Build.0 = Debug|iPhone
		{DDBBBC7E-D3E7-4A4E-B373-6B43AEE10991}.Debug|iPhoneSimulator.ActiveCfg = Debug|iPhoneSimulator
		{DDBBBC7E-D3E7-4A4E-B373-6B43AEE10991}.Debug|iPhoneSimulator.Build.0 = Debug|iPhoneSimulator
		{DDBBBC7E-D3E7-4A4E-B373-6B43AEE10991}.Debug|x64.ActiveCfg = Debug|iPhone
		{DDBBBC7E-D3E7-4A4E-B373-6B43AEE10991}.Debug|x86.ActiveCfg = Debug|iPhone
		{DDBBBC7E-D3E7-4A4E-B373-6B43AEE10991}.Release|Any CPU.ActiveCfg = Release|iPhoneSimulator
		{DDBBBC7E-D3E7-4A4E-B373-6B43AEE10991}.Release|Any CPU.Build.0 = Release|iPhoneSimulator
		{DDBBBC7E-D3E7-4A4E-B373-6B43AEE10991}.Release|ARM.ActiveCfg = Release|iPhone
		{DDBBBC7E-D3E7-4A4E-B373-6B43AEE10991}.Release|ARM64.ActiveCfg = Release|iPhone
		{DDBBBC7E-D3E7-4A4E-B373-6B43AEE10991}.Release|iPhone.ActiveCfg = Release|iPhone
		{DDBBBC7E-D3E7-4A4E-B373-6B43AEE10991}.Release|iPhone.Build.0 = Release|iPhone
		{DDBBBC7E-D3E7-4A4E-B373-6B43AEE10991}.Release|iPhoneSimulator.ActiveCfg = Release|iPhoneSimulator
		{DDBBBC7E-D3E7-4A4E-B373-6B43AEE10991}.Release|iPhoneSimulator.Build.0 = Release|iPhoneSimulator
		{DDBBBC7E-D3E7-4A4E-B373-6B43AEE10991}.Release|x64.ActiveCfg = Release|iPhone
		{DDBBBC7E-D3E7-4A4E-B373-6B43AEE10991}.Release|x86.ActiveCfg = Release|iPhone
		{96EF46C8-348E-4365-B781-F6DBE186B400}.Debug|Any CPU.ActiveCfg = Debug|Any CPU
		{96EF46C8-348E-4365-B781-F6DBE186B400}.Debug|Any CPU.Build.0 = Debug|Any CPU
		{96EF46C8-348E-4365-B781-F6DBE186B400}.Debug|ARM.ActiveCfg = Debug|Any CPU
		{96EF46C8-348E-4365-B781-F6DBE186B400}.Debug|ARM.Build.0 = Debug|Any CPU
		{96EF46C8-348E-4365-B781-F6DBE186B400}.Debug|ARM64.ActiveCfg = Debug|Any CPU
		{96EF46C8-348E-4365-B781-F6DBE186B400}.Debug|ARM64.Build.0 = Debug|Any CPU
		{96EF46C8-348E-4365-B781-F6DBE186B400}.Debug|iPhone.ActiveCfg = Debug|Any CPU
		{96EF46C8-348E-4365-B781-F6DBE186B400}.Debug|iPhone.Build.0 = Debug|Any CPU
		{96EF46C8-348E-4365-B781-F6DBE186B400}.Debug|iPhoneSimulator.ActiveCfg = Debug|Any CPU
		{96EF46C8-348E-4365-B781-F6DBE186B400}.Debug|iPhoneSimulator.Build.0 = Debug|Any CPU
		{96EF46C8-348E-4365-B781-F6DBE186B400}.Debug|x64.ActiveCfg = Debug|Any CPU
		{96EF46C8-348E-4365-B781-F6DBE186B400}.Debug|x64.Build.0 = Debug|Any CPU
		{96EF46C8-348E-4365-B781-F6DBE186B400}.Debug|x86.ActiveCfg = Debug|Any CPU
		{96EF46C8-348E-4365-B781-F6DBE186B400}.Debug|x86.Build.0 = Debug|Any CPU
		{96EF46C8-348E-4365-B781-F6DBE186B400}.Release|Any CPU.ActiveCfg = Release|Any CPU
		{96EF46C8-348E-4365-B781-F6DBE186B400}.Release|Any CPU.Build.0 = Release|Any CPU
		{96EF46C8-348E-4365-B781-F6DBE186B400}.Release|ARM.ActiveCfg = Release|Any CPU
		{96EF46C8-348E-4365-B781-F6DBE186B400}.Release|ARM.Build.0 = Release|Any CPU
		{96EF46C8-348E-4365-B781-F6DBE186B400}.Release|ARM64.ActiveCfg = Release|Any CPU
		{96EF46C8-348E-4365-B781-F6DBE186B400}.Release|ARM64.Build.0 = Release|Any CPU
		{96EF46C8-348E-4365-B781-F6DBE186B400}.Release|iPhone.ActiveCfg = Release|Any CPU
		{96EF46C8-348E-4365-B781-F6DBE186B400}.Release|iPhone.Build.0 = Release|Any CPU
		{96EF46C8-348E-4365-B781-F6DBE186B400}.Release|iPhoneSimulator.ActiveCfg = Release|Any CPU
		{96EF46C8-348E-4365-B781-F6DBE186B400}.Release|iPhoneSimulator.Build.0 = Release|Any CPU
		{96EF46C8-348E-4365-B781-F6DBE186B400}.Release|x64.ActiveCfg = Release|Any CPU
		{96EF46C8-348E-4365-B781-F6DBE186B400}.Release|x64.Build.0 = Release|Any CPU
		{96EF46C8-348E-4365-B781-F6DBE186B400}.Release|x86.ActiveCfg = Release|Any CPU
		{96EF46C8-348E-4365-B781-F6DBE186B400}.Release|x86.Build.0 = Release|Any CPU
		{53F47F38-3346-4EEC-8531-0710E66E59B6}.Debug|Any CPU.ActiveCfg = Debug|Any CPU
		{53F47F38-3346-4EEC-8531-0710E66E59B6}.Debug|Any CPU.Build.0 = Debug|Any CPU
		{53F47F38-3346-4EEC-8531-0710E66E59B6}.Debug|ARM.ActiveCfg = Debug|Any CPU
		{53F47F38-3346-4EEC-8531-0710E66E59B6}.Debug|ARM.Build.0 = Debug|Any CPU
		{53F47F38-3346-4EEC-8531-0710E66E59B6}.Debug|ARM64.ActiveCfg = Debug|Any CPU
		{53F47F38-3346-4EEC-8531-0710E66E59B6}.Debug|ARM64.Build.0 = Debug|Any CPU
		{53F47F38-3346-4EEC-8531-0710E66E59B6}.Debug|iPhone.ActiveCfg = Debug|Any CPU
		{53F47F38-3346-4EEC-8531-0710E66E59B6}.Debug|iPhone.Build.0 = Debug|Any CPU
		{53F47F38-3346-4EEC-8531-0710E66E59B6}.Debug|iPhoneSimulator.ActiveCfg = Debug|Any CPU
		{53F47F38-3346-4EEC-8531-0710E66E59B6}.Debug|iPhoneSimulator.Build.0 = Debug|Any CPU
		{53F47F38-3346-4EEC-8531-0710E66E59B6}.Debug|x64.ActiveCfg = Debug|Any CPU
		{53F47F38-3346-4EEC-8531-0710E66E59B6}.Debug|x64.Build.0 = Debug|Any CPU
		{53F47F38-3346-4EEC-8531-0710E66E59B6}.Debug|x86.ActiveCfg = Debug|Any CPU
		{53F47F38-3346-4EEC-8531-0710E66E59B6}.Debug|x86.Build.0 = Debug|Any CPU
		{53F47F38-3346-4EEC-8531-0710E66E59B6}.Release|Any CPU.ActiveCfg = Release|Any CPU
		{53F47F38-3346-4EEC-8531-0710E66E59B6}.Release|Any CPU.Build.0 = Release|Any CPU
		{53F47F38-3346-4EEC-8531-0710E66E59B6}.Release|ARM.ActiveCfg = Release|Any CPU
		{53F47F38-3346-4EEC-8531-0710E66E59B6}.Release|ARM.Build.0 = Release|Any CPU
		{53F47F38-3346-4EEC-8531-0710E66E59B6}.Release|ARM64.ActiveCfg = Release|Any CPU
		{53F47F38-3346-4EEC-8531-0710E66E59B6}.Release|ARM64.Build.0 = Release|Any CPU
		{53F47F38-3346-4EEC-8531-0710E66E59B6}.Release|iPhone.ActiveCfg = Release|Any CPU
		{53F47F38-3346-4EEC-8531-0710E66E59B6}.Release|iPhone.Build.0 = Release|Any CPU
		{53F47F38-3346-4EEC-8531-0710E66E59B6}.Release|iPhoneSimulator.ActiveCfg = Release|Any CPU
		{53F47F38-3346-4EEC-8531-0710E66E59B6}.Release|iPhoneSimulator.Build.0 = Release|Any CPU
		{53F47F38-3346-4EEC-8531-0710E66E59B6}.Release|x64.ActiveCfg = Release|Any CPU
		{53F47F38-3346-4EEC-8531-0710E66E59B6}.Release|x64.Build.0 = Release|Any CPU
		{53F47F38-3346-4EEC-8531-0710E66E59B6}.Release|x86.ActiveCfg = Release|Any CPU
		{53F47F38-3346-4EEC-8531-0710E66E59B6}.Release|x86.Build.0 = Release|Any CPU
		{533F6747-F6D0-4743-A074-7D04FF38041B}.Debug|Any CPU.ActiveCfg = Debug|Any CPU
		{533F6747-F6D0-4743-A074-7D04FF38041B}.Debug|Any CPU.Build.0 = Debug|Any CPU
		{533F6747-F6D0-4743-A074-7D04FF38041B}.Debug|ARM.ActiveCfg = Debug|Any CPU
		{533F6747-F6D0-4743-A074-7D04FF38041B}.Debug|ARM.Build.0 = Debug|Any CPU
		{533F6747-F6D0-4743-A074-7D04FF38041B}.Debug|ARM64.ActiveCfg = Debug|Any CPU
		{533F6747-F6D0-4743-A074-7D04FF38041B}.Debug|ARM64.Build.0 = Debug|Any CPU
		{533F6747-F6D0-4743-A074-7D04FF38041B}.Debug|iPhone.ActiveCfg = Debug|Any CPU
		{533F6747-F6D0-4743-A074-7D04FF38041B}.Debug|iPhone.Build.0 = Debug|Any CPU
		{533F6747-F6D0-4743-A074-7D04FF38041B}.Debug|iPhoneSimulator.ActiveCfg = Debug|Any CPU
		{533F6747-F6D0-4743-A074-7D04FF38041B}.Debug|iPhoneSimulator.Build.0 = Debug|Any CPU
		{533F6747-F6D0-4743-A074-7D04FF38041B}.Debug|x64.ActiveCfg = Debug|Any CPU
		{533F6747-F6D0-4743-A074-7D04FF38041B}.Debug|x64.Build.0 = Debug|Any CPU
		{533F6747-F6D0-4743-A074-7D04FF38041B}.Debug|x86.ActiveCfg = Debug|Any CPU
		{533F6747-F6D0-4743-A074-7D04FF38041B}.Debug|x86.Build.0 = Debug|Any CPU
		{533F6747-F6D0-4743-A074-7D04FF38041B}.Release|Any CPU.ActiveCfg = Release|Any CPU
		{533F6747-F6D0-4743-A074-7D04FF38041B}.Release|Any CPU.Build.0 = Release|Any CPU
		{533F6747-F6D0-4743-A074-7D04FF38041B}.Release|ARM.ActiveCfg = Release|Any CPU
		{533F6747-F6D0-4743-A074-7D04FF38041B}.Release|ARM.Build.0 = Release|Any CPU
		{533F6747-F6D0-4743-A074-7D04FF38041B}.Release|ARM64.ActiveCfg = Release|Any CPU
		{533F6747-F6D0-4743-A074-7D04FF38041B}.Release|ARM64.Build.0 = Release|Any CPU
		{533F6747-F6D0-4743-A074-7D04FF38041B}.Release|iPhone.ActiveCfg = Release|Any CPU
		{533F6747-F6D0-4743-A074-7D04FF38041B}.Release|iPhone.Build.0 = Release|Any CPU
		{533F6747-F6D0-4743-A074-7D04FF38041B}.Release|iPhoneSimulator.ActiveCfg = Release|Any CPU
		{533F6747-F6D0-4743-A074-7D04FF38041B}.Release|iPhoneSimulator.Build.0 = Release|Any CPU
		{533F6747-F6D0-4743-A074-7D04FF38041B}.Release|x64.ActiveCfg = Release|Any CPU
		{533F6747-F6D0-4743-A074-7D04FF38041B}.Release|x64.Build.0 = Release|Any CPU
		{533F6747-F6D0-4743-A074-7D04FF38041B}.Release|x86.ActiveCfg = Release|Any CPU
		{533F6747-F6D0-4743-A074-7D04FF38041B}.Release|x86.Build.0 = Release|Any CPU
		{224AA13A-CEEC-4AF1-A8D5-020B05F052B1}.Debug|Any CPU.ActiveCfg = Debug|Any CPU
		{224AA13A-CEEC-4AF1-A8D5-020B05F052B1}.Debug|Any CPU.Build.0 = Debug|Any CPU
		{224AA13A-CEEC-4AF1-A8D5-020B05F052B1}.Debug|ARM.ActiveCfg = Debug|Any CPU
		{224AA13A-CEEC-4AF1-A8D5-020B05F052B1}.Debug|ARM.Build.0 = Debug|Any CPU
		{224AA13A-CEEC-4AF1-A8D5-020B05F052B1}.Debug|ARM64.ActiveCfg = Debug|Any CPU
		{224AA13A-CEEC-4AF1-A8D5-020B05F052B1}.Debug|ARM64.Build.0 = Debug|Any CPU
		{224AA13A-CEEC-4AF1-A8D5-020B05F052B1}.Debug|iPhone.ActiveCfg = Debug|Any CPU
		{224AA13A-CEEC-4AF1-A8D5-020B05F052B1}.Debug|iPhone.Build.0 = Debug|Any CPU
		{224AA13A-CEEC-4AF1-A8D5-020B05F052B1}.Debug|iPhoneSimulator.ActiveCfg = Debug|Any CPU
		{224AA13A-CEEC-4AF1-A8D5-020B05F052B1}.Debug|iPhoneSimulator.Build.0 = Debug|Any CPU
		{224AA13A-CEEC-4AF1-A8D5-020B05F052B1}.Debug|x64.ActiveCfg = Debug|Any CPU
		{224AA13A-CEEC-4AF1-A8D5-020B05F052B1}.Debug|x64.Build.0 = Debug|Any CPU
		{224AA13A-CEEC-4AF1-A8D5-020B05F052B1}.Debug|x86.ActiveCfg = Debug|Any CPU
		{224AA13A-CEEC-4AF1-A8D5-020B05F052B1}.Debug|x86.Build.0 = Debug|Any CPU
		{224AA13A-CEEC-4AF1-A8D5-020B05F052B1}.Release|Any CPU.ActiveCfg = Release|Any CPU
		{224AA13A-CEEC-4AF1-A8D5-020B05F052B1}.Release|Any CPU.Build.0 = Release|Any CPU
		{224AA13A-CEEC-4AF1-A8D5-020B05F052B1}.Release|ARM.ActiveCfg = Release|Any CPU
		{224AA13A-CEEC-4AF1-A8D5-020B05F052B1}.Release|ARM.Build.0 = Release|Any CPU
		{224AA13A-CEEC-4AF1-A8D5-020B05F052B1}.Release|ARM64.ActiveCfg = Release|Any CPU
		{224AA13A-CEEC-4AF1-A8D5-020B05F052B1}.Release|ARM64.Build.0 = Release|Any CPU
		{224AA13A-CEEC-4AF1-A8D5-020B05F052B1}.Release|iPhone.ActiveCfg = Release|Any CPU
		{224AA13A-CEEC-4AF1-A8D5-020B05F052B1}.Release|iPhone.Build.0 = Release|Any CPU
		{224AA13A-CEEC-4AF1-A8D5-020B05F052B1}.Release|iPhoneSimulator.ActiveCfg = Release|Any CPU
		{224AA13A-CEEC-4AF1-A8D5-020B05F052B1}.Release|iPhoneSimulator.Build.0 = Release|Any CPU
		{224AA13A-CEEC-4AF1-A8D5-020B05F052B1}.Release|x64.ActiveCfg = Release|Any CPU
		{224AA13A-CEEC-4AF1-A8D5-020B05F052B1}.Release|x64.Build.0 = Release|Any CPU
		{224AA13A-CEEC-4AF1-A8D5-020B05F052B1}.Release|x86.ActiveCfg = Release|Any CPU
		{224AA13A-CEEC-4AF1-A8D5-020B05F052B1}.Release|x86.Build.0 = Release|Any CPU
		{D8E5BA55-3B79-4C8C-8C55-16C1455CEB62}.Debug|Any CPU.ActiveCfg = Debug|x86
		{D8E5BA55-3B79-4C8C-8C55-16C1455CEB62}.Debug|ARM.ActiveCfg = Debug|ARM
		{D8E5BA55-3B79-4C8C-8C55-16C1455CEB62}.Debug|ARM.Build.0 = Debug|ARM
		{D8E5BA55-3B79-4C8C-8C55-16C1455CEB62}.Debug|ARM.Deploy.0 = Debug|ARM
		{D8E5BA55-3B79-4C8C-8C55-16C1455CEB62}.Debug|ARM64.ActiveCfg = Debug|ARM64
		{D8E5BA55-3B79-4C8C-8C55-16C1455CEB62}.Debug|ARM64.Build.0 = Debug|ARM64
		{D8E5BA55-3B79-4C8C-8C55-16C1455CEB62}.Debug|ARM64.Deploy.0 = Debug|ARM64
		{D8E5BA55-3B79-4C8C-8C55-16C1455CEB62}.Debug|iPhone.ActiveCfg = Debug|x86
		{D8E5BA55-3B79-4C8C-8C55-16C1455CEB62}.Debug|iPhoneSimulator.ActiveCfg = Debug|x86
		{D8E5BA55-3B79-4C8C-8C55-16C1455CEB62}.Debug|x64.ActiveCfg = Debug|x64
		{D8E5BA55-3B79-4C8C-8C55-16C1455CEB62}.Debug|x64.Build.0 = Debug|x64
		{D8E5BA55-3B79-4C8C-8C55-16C1455CEB62}.Debug|x64.Deploy.0 = Debug|x64
		{D8E5BA55-3B79-4C8C-8C55-16C1455CEB62}.Debug|x86.ActiveCfg = Debug|x86
		{D8E5BA55-3B79-4C8C-8C55-16C1455CEB62}.Debug|x86.Build.0 = Debug|x86
		{D8E5BA55-3B79-4C8C-8C55-16C1455CEB62}.Debug|x86.Deploy.0 = Debug|x86
		{D8E5BA55-3B79-4C8C-8C55-16C1455CEB62}.Release|Any CPU.ActiveCfg = Release|x86
		{D8E5BA55-3B79-4C8C-8C55-16C1455CEB62}.Release|ARM.ActiveCfg = Release|ARM
		{D8E5BA55-3B79-4C8C-8C55-16C1455CEB62}.Release|ARM.Build.0 = Release|ARM
		{D8E5BA55-3B79-4C8C-8C55-16C1455CEB62}.Release|ARM.Deploy.0 = Release|ARM
		{D8E5BA55-3B79-4C8C-8C55-16C1455CEB62}.Release|ARM64.ActiveCfg = Release|ARM64
		{D8E5BA55-3B79-4C8C-8C55-16C1455CEB62}.Release|ARM64.Build.0 = Release|ARM64
		{D8E5BA55-3B79-4C8C-8C55-16C1455CEB62}.Release|ARM64.Deploy.0 = Release|ARM64
		{D8E5BA55-3B79-4C8C-8C55-16C1455CEB62}.Release|iPhone.ActiveCfg = Release|x86
		{D8E5BA55-3B79-4C8C-8C55-16C1455CEB62}.Release|iPhoneSimulator.ActiveCfg = Release|x86
		{D8E5BA55-3B79-4C8C-8C55-16C1455CEB62}.Release|x64.ActiveCfg = Release|x64
		{D8E5BA55-3B79-4C8C-8C55-16C1455CEB62}.Release|x64.Build.0 = Release|x64
		{D8E5BA55-3B79-4C8C-8C55-16C1455CEB62}.Release|x64.Deploy.0 = Release|x64
		{D8E5BA55-3B79-4C8C-8C55-16C1455CEB62}.Release|x86.ActiveCfg = Release|x86
		{D8E5BA55-3B79-4C8C-8C55-16C1455CEB62}.Release|x86.Build.0 = Release|x86
		{D8E5BA55-3B79-4C8C-8C55-16C1455CEB62}.Release|x86.Deploy.0 = Release|x86
	EndGlobalSection
	GlobalSection(SolutionProperties) = preSolution
		HideSolutionNode = FALSE
	EndGlobalSection
	GlobalSection(ExtensibilityGlobals) = postSolution
		SolutionGuid = {3E9F8426-E387-4DF2-A973-41F426360219}
	EndGlobalSection
EndGlobal
